Microsoft Visual Studio Solution File, Format Version 11.00
# Visual Studio 2008

Project("{CAA4F52B-E927-8A3B-3A69-45CB231A72D7}") = "360_AR_Viewer", "Assembly-CSharp.csproj", "{C67209E9-F9A1-0CB3-FCEF-B3C61E182AC4}"
EndProject
Project("{CAA4F52B-E927-8A3B-3A69-45CB231A72D7}") = "360_AR_Viewer", "Assembly-CSharp-Editor.csproj", "{AF0E66B4-A141-CBA6-750B-31AF8597CDA8}"
EndProject
Project("{CAA4F52B-E927-8A3B-3A69-45CB231A72D7}") = "360_AR_Viewer", "Assembly-UnityScript-Editor-firstpass.unityproj", "{670EA59F-057B-1303-3E96-FA35CC9CD63A}"
EndProject
Global
	GlobalSection(SolutionConfigurationPlatforms) = preSolution
		Debug|Any CPU = Debug|Any CPU
		Release|Any CPU = Release|Any CPU
	EndGlobalSection
	GlobalSection(ProjectConfigurationPlatforms) = postSolution
		{C67209E9-F9A1-0CB3-FCEF-B3C61E182AC4}.Debug|Any CPU.ActiveCfg = Debug|Any CPU
		{C67209E9-F9A1-0CB3-FCEF-B3C61E182AC4}.Debug|Any CPU.Build.0 = Debug|Any CPU
		{C67209E9-F9A1-0CB3-FCEF-B3C61E182AC4}.Release|Any CPU.ActiveCfg = Release|Any CPU
		{C67209E9-F9A1-0CB3-FCEF-B3C61E182AC4}.Release|Any CPU.Build.0 = Release|Any CPU
		{AF0E66B4-A141-CBA6-750B-31AF8597CDA8}.Debug|Any CPU.ActiveCfg = Debug|Any CPU
		{AF0E66B4-A141-CBA6-750B-31AF8597CDA8}.Debug|Any CPU.Build.0 = Debug|Any CPU
		{AF0E66B4-A141-CBA6-750B-31AF8597CDA8}.Release|Any CPU.ActiveCfg = Release|Any CPU
		{AF0E66B4-A141-CBA6-750B-31AF8597CDA8}.Release|Any CPU.Build.0 = Release|Any CPU
		{670EA59F-057B-1303-3E96-FA35CC9CD63A}.Debug|Any CPU.ActiveCfg = Debug|Any CPU
		{670EA59F-057B-1303-3E96-FA35CC9CD63A}.Debug|Any CPU.Build.0 = Debug|Any CPU
		{670EA59F-057B-1303-3E96-FA35CC9CD63A}.Release|Any CPU.ActiveCfg = Release|Any CPU
		{670EA59F-057B-1303-3E96-FA35CC9CD63A}.Release|Any CPU.Build.0 = Release|Any CPU
	EndGlobalSection
	GlobalSection(SolutionProperties) = preSolution
		HideSolutionNode = FALSE
	EndGlobalSection
	GlobalSection(MonoDevelopProperties) = preSolution
		StartupItem = Assembly-CSharp.csproj
	EndGlobalSection
EndGlobal
